{
  "version": 4,
  "terraform_version": "1.6.2",
  "serial": 44,
  "lineage": "61cfa914-c6f0-27c2-332a-691bc8356d7d",
  "outputs": {},
  "resources": [
    {
      "mode": "managed",
      "type": "newrelic_alert_policy",
      "name": "foo",
      "provider": "provider[\"registry.terraform.io/newrelic/newrelic\"]",
      "instances": [
        {
          "index_key": "policy1",
          "schema_version": 0,
          "attributes": {
            "account_id": 4043696,
            "channel_ids": null,
            "id": "4859704",
            "incident_preference": "PER_POLICY",
            "name": "Policy1Name"
          },
          "sensitive_attributes": [],
          "private": "bnVsbA=="
        },
        {
          "index_key": "policy2",
          "schema_version": 0,
          "attributes": {
            "account_id": 4043696,
            "channel_ids": null,
            "id": "4859706",
            "incident_preference": "PER_POLICY",
            "name": "Policy2Name"
          },
          "sensitive_attributes": [],
          "private": "bnVsbA=="
        },
        {
          "index_key": "policy3",
          "schema_version": 0,
          "attributes": {
            "account_id": 4043696,
            "channel_ids": null,
            "id": "4859705",
            "incident_preference": "PER_POLICY",
            "name": "Policy3Name"
          },
          "sensitive_attributes": [],
          "private": "bnVsbA=="
        }
      ]
    }
  ],
  "check_results": null
}
